// !$*UTF8*$!
{
	archiveVersion = 1;
	classes = {
	};
	objectVersion = 50;
	objects = {

/* Begin PBXBuildFile section */
		A12ADB43D73F59B0E0142E25 /* Pods_Happy_Roads.framework in Frameworks */ = {isa = PBXBuildFile; fileRef = AF8DE5C6FA29AD43E16A5496 /* Pods_Happy_Roads.framework */; };
		E64575112189FCBD00B7BBD9 /* HappyRoadsUtilities.swift in Sources */ = {isa = PBXBuildFile; fileRef = E64575102189FCBD00B7BBD9 /* HappyRoadsUtilities.swift */; };
		E6457525218A026400B7BBD9 /* 4.png in Resources */ = {isa = PBXBuildFile; fileRef = E6457513218A026100B7BBD9 /* 4.png */; };
		E6457526218A026400B7BBD9 /* 11.png in Resources */ = {isa = PBXBuildFile; fileRef = E6457514218A026100B7BBD9 /* 11.png */; };
		E6457527218A026400B7BBD9 /* 7.png in Resources */ = {isa = PBXBuildFile; fileRef = E6457515218A026100B7BBD9 /* 7.png */; };
		E6457528218A026400B7BBD9 /* 8.png in Resources */ = {isa = PBXBuildFile; fileRef = E6457516218A026200B7BBD9 /* 8.png */; };
		E6457529218A026400B7BBD9 /* 9.png in Resources */ = {isa = PBXBuildFile; fileRef = E6457517218A026200B7BBD9 /* 9.png */; };
		E645752A218A026400B7BBD9 /* 1.png in Resources */ = {isa = PBXBuildFile; fileRef = E6457518218A026200B7BBD9 /* 1.png */; };
		E645752B218A026400B7BBD9 /* 5.png in Resources */ = {isa = PBXBuildFile; fileRef = E6457519218A026200B7BBD9 /* 5.png */; };
		E645752C218A026400B7BBD9 /* 14.png in Resources */ = {isa = PBXBuildFile; fileRef = E645751A218A026200B7BBD9 /* 14.png */; };
		E645752D218A026400B7BBD9 /* 15.png in Resources */ = {isa = PBXBuildFile; fileRef = E645751B218A026200B7BBD9 /* 15.png */; };
		E645752E218A026400B7BBD9 /* 2.png in Resources */ = {isa = PBXBuildFile; fileRef = E645751C218A026200B7BBD9 /* 2.png */; };
		E645752F218A026400B7BBD9 /* 18.png in Resources */ = {isa = PBXBuildFile; fileRef = E645751D218A026300B7BBD9 /* 18.png */; };
		E6457530218A026400B7BBD9 /* 10.png in Resources */ = {isa = PBXBuildFile; fileRef = E645751E218A026300B7BBD9 /* 10.png */; };
		E6457531218A026400B7BBD9 /* 3.png in Resources */ = {isa = PBXBuildFile; fileRef = E645751F218A026300B7BBD9 /* 3.png */; };
		E6457532218A026400B7BBD9 /* 12.png in Resources */ = {isa = PBXBuildFile; fileRef = E6457520218A026300B7BBD9 /* 12.png */; };
		E6457533218A026400B7BBD9 /* 13.png in Resources */ = {isa = PBXBuildFile; fileRef = E6457521218A026300B7BBD9 /* 13.png */; };
		E6457534218A026400B7BBD9 /* 16.png in Resources */ = {isa = PBXBuildFile; fileRef = E6457522218A026300B7BBD9 /* 16.png */; };
		E6457535218A026400B7BBD9 /* 17.png in Resources */ = {isa = PBXBuildFile; fileRef = E6457523218A026400B7BBD9 /* 17.png */; };
		E6457536218A026400B7BBD9 /* 6.png in Resources */ = {isa = PBXBuildFile; fileRef = E6457524218A026400B7BBD9 /* 6.png */; };
		E645753D218AD40B00B7BBD9 /* LoadingViewController.swift in Sources */ = {isa = PBXBuildFile; fileRef = E645753C218AD40B00B7BBD9 /* LoadingViewController.swift */; };
		E6576EA32185BA1F007DED90 /* MenuViewController.swift in Sources */ = {isa = PBXBuildFile; fileRef = E6576EA22185BA1F007DED90 /* MenuViewController.swift */; };
		E68DE903218612E500F79417 /* MenuSectionTableViewCell.swift in Sources */ = {isa = PBXBuildFile; fileRef = E68DE902218612E500F79417 /* MenuSectionTableViewCell.swift */; };
		E68DE9052186130400F79417 /* MenuRowTableViewCell.swift in Sources */ = {isa = PBXBuildFile; fileRef = E68DE9042186130400F79417 /* MenuRowTableViewCell.swift */; };
		E6A10B3A218590AF00744C9F /* AppDelegate.swift in Sources */ = {isa = PBXBuildFile; fileRef = E6A10B39218590AF00744C9F /* AppDelegate.swift */; };
		E6A10B3F218590AF00744C9F /* Main.storyboard in Resources */ = {isa = PBXBuildFile; fileRef = E6A10B3D218590AF00744C9F /* Main.storyboard */; };
		E6A10B42218590AF00744C9F /* Happy_Roads.xcdatamodeld in Sources */ = {isa = PBXBuildFile; fileRef = E6A10B40218590AF00744C9F /* Happy_Roads.xcdatamodeld */; };
		E6A10B44218590B000744C9F /* Assets.xcassets in Resources */ = {isa = PBXBuildFile; fileRef = E6A10B43218590B000744C9F /* Assets.xcassets */; };
		E6A10B47218590B000744C9F /* LaunchScreen.storyboard in Resources */ = {isa = PBXBuildFile; fileRef = E6A10B45218590B000744C9F /* LaunchScreen.storyboard */; };
		E6A10B502185932200744C9F /* LandingViewController.swift in Sources */ = {isa = PBXBuildFile; fileRef = E6A10B4F2185932200744C9F /* LandingViewController.swift */; };
		E6A10B552185A1F700744C9F /* HomeViewController.swift in Sources */ = {isa = PBXBuildFile; fileRef = E6A10B542185A1F700744C9F /* HomeViewController.swift */; };
		E6A10B572185A26300744C9F /* HomeItemsCollectionViewCell.swift in Sources */ = {isa = PBXBuildFile; fileRef = E6A10B562185A26300744C9F /* HomeItemsCollectionViewCell.swift */; };
		E6C1CDEF2191723D00B8446F /* SignUpPopUpViewController.swift in Sources */ = {isa = PBXBuildFile; fileRef = E6C1CDEE2191723D00B8446F /* SignUpPopUpViewController.swift */; };
		E6C1CDF121917BD400B8446F /* Textfield+Extension.swift in Sources */ = {isa = PBXBuildFile; fileRef = E6C1CDF021917BD400B8446F /* Textfield+Extension.swift */; };
		E6CBD6C6218D7EF700182247 /* FindFuelStationsViewController.swift in Sources */ = {isa = PBXBuildFile; fileRef = E6CBD6C5218D7EF700182247 /* FindFuelStationsViewController.swift */; };
		E6CFF7B621877BFA00B2F600 /* Environment.swift in Sources */ = {isa = PBXBuildFile; fileRef = E6CFF7B521877BFA00B2F600 /* Environment.swift */; };
		E6CFF7BA218786BB00B2F600 /* BaseRequest.swift in Sources */ = {isa = PBXBuildFile; fileRef = E6CFF7B9218786BB00B2F600 /* BaseRequest.swift */; };
		E6CFF7BD21878A2C00B2F600 /* UIViewController+Extenssions.swift in Sources */ = {isa = PBXBuildFile; fileRef = E6CFF7BC21878A2C00B2F600 /* UIViewController+Extenssions.swift */; };
		E6D133E6218F49B70043AF68 /* HRTextField.swift in Sources */ = {isa = PBXBuildFile; fileRef = E6D133E5218F49B70043AF68 /* HRTextField.swift */; };
		E6DF0B3C2192C580008F13DE /* LoginPopUpViewController.swift in Sources */ = {isa = PBXBuildFile; fileRef = E6DF0B3B2192C580008F13DE /* LoginPopUpViewController.swift */; };
		E6E1D65A2188A65C0057ED28 /* RequestType.swift in Sources */ = {isa = PBXBuildFile; fileRef = E6E1D6592188A65C0057ED28 /* RequestType.swift */; };
		E6E1D65C2188B92A0057ED28 /* ExploreViewController.swift in Sources */ = {isa = PBXBuildFile; fileRef = E6E1D65B2188B92A0057ED28 /* ExploreViewController.swift */; };
		E6E1D65E2188BB760057ED28 /* ExploreTableViewCell.swift in Sources */ = {isa = PBXBuildFile; fileRef = E6E1D65D2188BB760057ED28 /* ExploreTableViewCell.swift */; };
/* End PBXBuildFile section */

/* Begin PBXFileReference section */
		6BB97968873973677E286D50 /* Pods-Happy Roads.release.xcconfig */ = {isa = PBXFileReference; includeInIndex = 1; lastKnownFileType = text.xcconfig; name = "Pods-Happy Roads.release.xcconfig"; path = "Target Support Files/Pods-Happy Roads/Pods-Happy Roads.release.xcconfig"; sourceTree = "<group>"; };
		8FD4A306E77C08DFEB4665D0 /* Pods-Happy Roads.releaseproduction.xcconfig */ = {isa = PBXFileReference; includeInIndex = 1; lastKnownFileType = text.xcconfig; name = "Pods-Happy Roads.releaseproduction.xcconfig"; path = "Target Support Files/Pods-Happy Roads/Pods-Happy Roads.releaseproduction.xcconfig"; sourceTree = "<group>"; };
		AF8DE5C6FA29AD43E16A5496 /* Pods_Happy_Roads.framework */ = {isa = PBXFileReference; explicitFileType = wrapper.framework; includeInIndex = 0; path = Pods_Happy_Roads.framework; sourceTree = BUILT_PRODUCTS_DIR; };
		BDCEBD11463F56E661D126BE /* Pods-Happy Roads.debugdevelopment.xcconfig */ = {isa = PBXFileReference; includeInIndex = 1; lastKnownFileType = text.xcconfig; name = "Pods-Happy Roads.debugdevelopment.xcconfig"; path = "Target Support Files/Pods-Happy Roads/Pods-Happy Roads.debugdevelopment.xcconfig"; sourceTree = "<group>"; };
		CFC18C3B209A4868CB4786B9 /* Pods-Happy Roads.debug.xcconfig */ = {isa = PBXFileReference; includeInIndex = 1; lastKnownFileType = text.xcconfig; name = "Pods-Happy Roads.debug.xcconfig"; path = "Target Support Files/Pods-Happy Roads/Pods-Happy Roads.debug.xcconfig"; sourceTree = "<group>"; };
		E64575102189FCBD00B7BBD9 /* HappyRoadsUtilities.swift */ = {isa = PBXFileReference; lastKnownFileType = sourcecode.swift; path = HappyRoadsUtilities.swift; sourceTree = "<group>"; };
		E6457513218A026100B7BBD9 /* 4.png */ = {isa = PBXFileReference; lastKnownFileType = image.png; path = 4.png; sourceTree = "<group>"; };
		E6457514218A026100B7BBD9 /* 11.png */ = {isa = PBXFileReference; lastKnownFileType = image.png; path = 11.png; sourceTree = "<group>"; };
		E6457515218A026100B7BBD9 /* 7.png */ = {isa = PBXFileReference; lastKnownFileType = image.png; path = 7.png; sourceTree = "<group>"; };
		E6457516218A026200B7BBD9 /* 8.png */ = {isa = PBXFileReference; lastKnownFileType = image.png; path = 8.png; sourceTree = "<group>"; };
		E6457517218A026200B7BBD9 /* 9.png */ = {isa = PBXFileReference; lastKnownFileType = image.png; path = 9.png; sourceTree = "<group>"; };
		E6457518218A026200B7BBD9 /* 1.png */ = {isa = PBXFileReference; lastKnownFileType = image.png; path = 1.png; sourceTree = "<group>"; };
		E6457519218A026200B7BBD9 /* 5.png */ = {isa = PBXFileReference; lastKnownFileType = image.png; path = 5.png; sourceTree = "<group>"; };
		E645751A218A026200B7BBD9 /* 14.png */ = {isa = PBXFileReference; lastKnownFileType = image.png; path = 14.png; sourceTree = "<group>"; };
		E645751B218A026200B7BBD9 /* 15.png */ = {isa = PBXFileReference; lastKnownFileType = image.png; path = 15.png; sourceTree = "<group>"; };
		E645751C218A026200B7BBD9 /* 2.png */ = {isa = PBXFileReference; lastKnownFileType = image.png; path = 2.png; sourceTree = "<group>"; };
		E645751D218A026300B7BBD9 /* 18.png */ = {isa = PBXFileReference; lastKnownFileType = image.png; path = 18.png; sourceTree = "<group>"; };
		E645751E218A026300B7BBD9 /* 10.png */ = {isa = PBXFileReference; lastKnownFileType = image.png; path = 10.png; sourceTree = "<group>"; };
		E645751F218A026300B7BBD9 /* 3.png */ = {isa = PBXFileReference; lastKnownFileType = image.png; path = 3.png; sourceTree = "<group>"; };
		E6457520218A026300B7BBD9 /* 12.png */ = {isa = PBXFileReference; lastKnownFileType = image.png; path = 12.png; sourceTree = "<group>"; };
		E6457521218A026300B7BBD9 /* 13.png */ = {isa = PBXFileReference; lastKnownFileType = image.png; path = 13.png; sourceTree = "<group>"; };
		E6457522218A026300B7BBD9 /* 16.png */ = {isa = PBXFileReference; lastKnownFileType = image.png; path = 16.png; sourceTree = "<group>"; };
		E6457523218A026400B7BBD9 /* 17.png */ = {isa = PBXFileReference; lastKnownFileType = image.png; path = 17.png; sourceTree = "<group>"; };
		E6457524218A026400B7BBD9 /* 6.png */ = {isa = PBXFileReference; lastKnownFileType = image.png; path = 6.png; sourceTree = "<group>"; };
		E645753C218AD40B00B7BBD9 /* LoadingViewController.swift */ = {isa = PBXFileReference; lastKnownFileType = sourcecode.swift; path = LoadingViewController.swift; sourceTree = "<group>"; };
		E6576EA22185BA1F007DED90 /* MenuViewController.swift */ = {isa = PBXFileReference; lastKnownFileType = sourcecode.swift; path = MenuViewController.swift; sourceTree = "<group>"; };
		E68DE902218612E500F79417 /* MenuSectionTableViewCell.swift */ = {isa = PBXFileReference; lastKnownFileType = sourcecode.swift; path = MenuSectionTableViewCell.swift; sourceTree = "<group>"; };
		E68DE9042186130400F79417 /* MenuRowTableViewCell.swift */ = {isa = PBXFileReference; lastKnownFileType = sourcecode.swift; path = MenuRowTableViewCell.swift; sourceTree = "<group>"; };
		E6A10B36218590AF00744C9F /* Happy Roads.app */ = {isa = PBXFileReference; explicitFileType = wrapper.application; includeInIndex = 0; path = "Happy Roads.app"; sourceTree = BUILT_PRODUCTS_DIR; };
		E6A10B39218590AF00744C9F /* AppDelegate.swift */ = {isa = PBXFileReference; lastKnownFileType = sourcecode.swift; path = AppDelegate.swift; sourceTree = "<group>"; };
		E6A10B3E218590AF00744C9F /* Base */ = {isa = PBXFileReference; lastKnownFileType = file.storyboard; name = Base; path = Base.lproj/Main.storyboard; sourceTree = "<group>"; };
		E6A10B41218590AF00744C9F /* Happy_Roads.xcdatamodel */ = {isa = PBXFileReference; lastKnownFileType = wrapper.xcdatamodel; path = Happy_Roads.xcdatamodel; sourceTree = "<group>"; };
		E6A10B43218590B000744C9F /* Assets.xcassets */ = {isa = PBXFileReference; lastKnownFileType = folder.assetcatalog; path = Assets.xcassets; sourceTree = "<group>"; };
		E6A10B46218590B000744C9F /* Base */ = {isa = PBXFileReference; lastKnownFileType = file.storyboard; name = Base; path = Base.lproj/LaunchScreen.storyboard; sourceTree = "<group>"; };
		E6A10B48218590B000744C9F /* Info.plist */ = {isa = PBXFileReference; lastKnownFileType = text.plist.xml; path = Info.plist; sourceTree = "<group>"; };
		E6A10B4F2185932200744C9F /* LandingViewController.swift */ = {isa = PBXFileReference; lastKnownFileType = sourcecode.swift; path = LandingViewController.swift; sourceTree = "<group>"; };
		E6A10B542185A1F700744C9F /* HomeViewController.swift */ = {isa = PBXFileReference; lastKnownFileType = sourcecode.swift; path = HomeViewController.swift; sourceTree = "<group>"; };
		E6A10B562185A26300744C9F /* HomeItemsCollectionViewCell.swift */ = {isa = PBXFileReference; lastKnownFileType = sourcecode.swift; path = HomeItemsCollectionViewCell.swift; sourceTree = "<group>"; };
		E6C1CDEE2191723D00B8446F /* SignUpPopUpViewController.swift */ = {isa = PBXFileReference; lastKnownFileType = sourcecode.swift; path = SignUpPopUpViewController.swift; sourceTree = "<group>"; };
		E6C1CDF021917BD400B8446F /* Textfield+Extension.swift */ = {isa = PBXFileReference; fileEncoding = 4; lastKnownFileType = sourcecode.swift; path = "Textfield+Extension.swift"; sourceTree = "<group>"; };
		E6CBD6C5218D7EF700182247 /* FindFuelStationsViewController.swift */ = {isa = PBXFileReference; lastKnownFileType = sourcecode.swift; path = FindFuelStationsViewController.swift; sourceTree = "<group>"; };
		E6CFF7B521877BFA00B2F600 /* Environment.swift */ = {isa = PBXFileReference; lastKnownFileType = sourcecode.swift; path = Environment.swift; sourceTree = "<group>"; };
		E6CFF7B9218786BB00B2F600 /* BaseRequest.swift */ = {isa = PBXFileReference; lastKnownFileType = sourcecode.swift; path = BaseRequest.swift; sourceTree = "<group>"; };
		E6CFF7BC21878A2C00B2F600 /* UIViewController+Extenssions.swift */ = {isa = PBXFileReference; lastKnownFileType = sourcecode.swift; path = "UIViewController+Extenssions.swift"; sourceTree = "<group>"; };
		E6D133E5218F49B70043AF68 /* HRTextField.swift */ = {isa = PBXFileReference; lastKnownFileType = sourcecode.swift; path = HRTextField.swift; sourceTree = "<group>"; };
		E6DF0B3B2192C580008F13DE /* LoginPopUpViewController.swift */ = {isa = PBXFileReference; lastKnownFileType = sourcecode.swift; path = LoginPopUpViewController.swift; sourceTree = "<group>"; };
		E6E1D6592188A65C0057ED28 /* RequestType.swift */ = {isa = PBXFileReference; lastKnownFileType = sourcecode.swift; path = RequestType.swift; sourceTree = "<group>"; };
		E6E1D65B2188B92A0057ED28 /* ExploreViewController.swift */ = {isa = PBXFileReference; lastKnownFileType = sourcecode.swift; path = ExploreViewController.swift; sourceTree = "<group>"; };
		E6E1D65D2188BB760057ED28 /* ExploreTableViewCell.swift */ = {isa = PBXFileReference; lastKnownFileType = sourcecode.swift; path = ExploreTableViewCell.swift; sourceTree = "<group>"; };
/* End PBXFileReference section */

/* Begin PBXFrameworksBuildPhase section */
		E6A10B33218590AF00744C9F /* Frameworks */ = {
			isa = PBXFrameworksBuildPhase;
			buildActionMask = 2147483647;
			files = (
				A12ADB43D73F59B0E0142E25 /* Pods_Happy_Roads.framework in Frameworks */,
			);
			runOnlyForDeploymentPostprocessing = 0;
		};
/* End PBXFrameworksBuildPhase section */

/* Begin PBXGroup section */
		47292D707458948ADFCD9700 /* Frameworks */ = {
			isa = PBXGroup;
			children = (
				AF8DE5C6FA29AD43E16A5496 /* Pods_Happy_Roads.framework */,
			);
			name = Frameworks;
			sourceTree = "<group>";
		};
		E1B4E42DB788913357B99F64 /* Pods */ = {
			isa = PBXGroup;
			children = (
				CFC18C3B209A4868CB4786B9 /* Pods-Happy Roads.debug.xcconfig */,
				6BB97968873973677E286D50 /* Pods-Happy Roads.release.xcconfig */,
				8FD4A306E77C08DFEB4665D0 /* Pods-Happy Roads.releaseproduction.xcconfig */,
				BDCEBD11463F56E661D126BE /* Pods-Happy Roads.debugdevelopment.xcconfig */,
			);
			path = Pods;
			sourceTree = "<group>";
		};
		E6457512218A024F00B7BBD9 /* LodingImages */ = {
			isa = PBXGroup;
			children = (
				E6457518218A026200B7BBD9 /* 1.png */,
				E645751C218A026200B7BBD9 /* 2.png */,
				E645751F218A026300B7BBD9 /* 3.png */,
				E6457513218A026100B7BBD9 /* 4.png */,
				E6457519218A026200B7BBD9 /* 5.png */,
				E6457524218A026400B7BBD9 /* 6.png */,
				E6457515218A026100B7BBD9 /* 7.png */,
				E6457516218A026200B7BBD9 /* 8.png */,
				E6457517218A026200B7BBD9 /* 9.png */,
				E645751E218A026300B7BBD9 /* 10.png */,
				E6457514218A026100B7BBD9 /* 11.png */,
				E6457520218A026300B7BBD9 /* 12.png */,
				E6457521218A026300B7BBD9 /* 13.png */,
				E645751A218A026200B7BBD9 /* 14.png */,
				E645751B218A026200B7BBD9 /* 15.png */,
				E6457522218A026300B7BBD9 /* 16.png */,
				E6457523218A026400B7BBD9 /* 17.png */,
				E645751D218A026300B7BBD9 /* 18.png */,
			);
			path = LodingImages;
			sourceTree = "<group>";
		};
		E6457537218AC52C00B7BBD9 /* HappyRoadsUtilitis */ = {
			isa = PBXGroup;
			children = (
				E64575102189FCBD00B7BBD9 /* HappyRoadsUtilities.swift */,
				E645753C218AD40B00B7BBD9 /* LoadingViewController.swift */,
				E6D133E4218F497C0043AF68 /* Designables */,
			);
			path = HappyRoadsUtilitis;
			sourceTree = "<group>";
		};
		E6576EA12185B9FD007DED90 /* Menu */ = {
			isa = PBXGroup;
			children = (
				E6576EA22185BA1F007DED90 /* MenuViewController.swift */,
				E68DE902218612E500F79417 /* MenuSectionTableViewCell.swift */,
				E68DE9042186130400F79417 /* MenuRowTableViewCell.swift */,
			);
			path = Menu;
			sourceTree = "<group>";
		};
		E6A10B2D218590AF00744C9F = {
			isa = PBXGroup;
			children = (
				E6A10B38218590AF00744C9F /* Happy Roads */,
				E6A10B37218590AF00744C9F /* Products */,
				E1B4E42DB788913357B99F64 /* Pods */,
				47292D707458948ADFCD9700 /* Frameworks */,
			);
			sourceTree = "<group>";
		};
		E6A10B37218590AF00744C9F /* Products */ = {
			isa = PBXGroup;
			children = (
				E6A10B36218590AF00744C9F /* Happy Roads.app */,
			);
			name = Products;
			sourceTree = "<group>";
		};
		E6A10B38218590AF00744C9F /* Happy Roads */ = {
			isa = PBXGroup;
			children = (
				E6A10B39218590AF00744C9F /* AppDelegate.swift */,
				E6457537218AC52C00B7BBD9 /* HappyRoadsUtilitis */,
				E6CFF7BB218789FD00B2F600 /* Extenssions */,
				E6CFF7B421877BCE00B2F600 /* Services */,
				E6A10B532185A1E000744C9F /* ViewControllers */,
				E6A10B512185933500744C9F /* StoryBoards */,
				E6A10B43218590B000744C9F /* Assets.xcassets */,
				E6457512218A024F00B7BBD9 /* LodingImages */,
				E6A10B48218590B000744C9F /* Info.plist */,
				E6A10B40218590AF00744C9F /* Happy_Roads.xcdatamodeld */,
			);
			path = "Happy Roads";
			sourceTree = "<group>";
		};
		E6A10B4E2185930000744C9F /* OnBoarding */ = {
			isa = PBXGroup;
			children = (
				E6A10B4F2185932200744C9F /* LandingViewController.swift */,
			);
			path = OnBoarding;
			sourceTree = "<group>";
		};
		E6A10B512185933500744C9F /* StoryBoards */ = {
			isa = PBXGroup;
			children = (
				E6A10B45218590B000744C9F /* LaunchScreen.storyboard */,
				E6A10B3D218590AF00744C9F /* Main.storyboard */,
			);
			path = StoryBoards;
			sourceTree = "<group>";
		};
		E6A10B522185941500744C9F /* Home */ = {
			isa = PBXGroup;
			children = (
				E6A10B542185A1F700744C9F /* HomeViewController.swift */,
				E6A10B562185A26300744C9F /* HomeItemsCollectionViewCell.swift */,
				E6E1D65B2188B92A0057ED28 /* ExploreViewController.swift */,
				E6E1D65D2188BB760057ED28 /* ExploreTableViewCell.swift */,
			);
			path = Home;
			sourceTree = "<group>";
		};
		E6A10B532185A1E000744C9F /* ViewControllers */ = {
			isa = PBXGroup;
			children = (
				E6C1CDED2191720700B8446F /* PopUp */,
				E6A10B4E2185930000744C9F /* OnBoarding */,
				E6A10B522185941500744C9F /* Home */,
				E6576EA12185B9FD007DED90 /* Menu */,
				E6CBD6C4218D7EAA00182247 /* FindFuelSattions */,
			);
			path = ViewControllers;
			sourceTree = "<group>";
		};
		E6C1CDED2191720700B8446F /* PopUp */ = {
			isa = PBXGroup;
			children = (
				E6C1CDEE2191723D00B8446F /* SignUpPopUpViewController.swift */,
				E6DF0B3B2192C580008F13DE /* LoginPopUpViewController.swift */,
			);
			path = PopUp;
			sourceTree = "<group>";
		};
		E6CBD6C4218D7EAA00182247 /* FindFuelSattions */ = {
			isa = PBXGroup;
			children = (
				E6CBD6C5218D7EF700182247 /* FindFuelStationsViewController.swift */,
			);
			path = FindFuelSattions;
			sourceTree = "<group>";
		};
		E6CFF7B421877BCE00B2F600 /* Services */ = {
			isa = PBXGroup;
			children = (
				E6CFF7B521877BFA00B2F600 /* Environment.swift */,
				E6CFF7B9218786BB00B2F600 /* BaseRequest.swift */,
				E6E1D6592188A65C0057ED28 /* RequestType.swift */,
			);
			path = Services;
			sourceTree = "<group>";
		};
		E6CFF7BB218789FD00B2F600 /* Extenssions */ = {
			isa = PBXGroup;
			children = (
				E6CFF7BC21878A2C00B2F600 /* UIViewController+Extenssions.swift */,
				E6C1CDF021917BD400B8446F /* Textfield+Extension.swift */,
			);
			path = Extenssions;
			sourceTree = "<group>";
		};
		E6D133E4218F497C0043AF68 /* Designables */ = {
			isa = PBXGroup;
			children = (
				E6D133E5218F49B70043AF68 /* HRTextField.swift */,
			);
			path = Designables;
			sourceTree = "<group>";
		};
/* End PBXGroup section */

/* Begin PBXNativeTarget section */
		E6A10B35218590AF00744C9F /* Happy Roads */ = {
			isa = PBXNativeTarget;
			buildConfigurationList = E6A10B4B218590B000744C9F /* Build configuration list for PBXNativeTarget "Happy Roads" */;
			buildPhases = (
				6E816599A166B0E90F1EA5D4 /* [CP] Check Pods Manifest.lock */,
				E6A10B32218590AF00744C9F /* Sources */,
				E6A10B33218590AF00744C9F /* Frameworks */,
				E6A10B34218590AF00744C9F /* Resources */,
				AD501AFA04CB9645FB3E0539 /* [CP] Embed Pods Frameworks */,
				F21A980B302D05ECE1DB25F8 /* [CP] Copy Pods Resources */,
			);
			buildRules = (
			);
			dependencies = (
			);
			name = "Happy Roads";
			productName = "Happy Roads";
			productReference = E6A10B36218590AF00744C9F /* Happy Roads.app */;
			productType = "com.apple.product-type.application";
		};
/* End PBXNativeTarget section */

/* Begin PBXProject section */
		E6A10B2E218590AF00744C9F /* Project object */ = {
			isa = PBXProject;
			attributes = {
				LastSwiftUpdateCheck = 1000;
				LastUpgradeCheck = 1000;
				ORGANIZATIONNAME = Saikumar;
				TargetAttributes = {
					E6A10B35218590AF00744C9F = {
						CreatedOnToolsVersion = 10.0;
					};
				};
			};
			buildConfigurationList = E6A10B31218590AF00744C9F /* Build configuration list for PBXProject "Happy Roads" */;
			compatibilityVersion = "Xcode 9.3";
			developmentRegion = en;
			hasScannedForEncodings = 0;
			knownRegions = (
				en,
				Base,
			);
			mainGroup = E6A10B2D218590AF00744C9F;
			productRefGroup = E6A10B37218590AF00744C9F /* Products */;
			projectDirPath = "";
			projectRoot = "";
			targets = (
				E6A10B35218590AF00744C9F /* Happy Roads */,
			);
		};
/* End PBXProject section */

/* Begin PBXResourcesBuildPhase section */
		E6A10B34218590AF00744C9F /* Resources */ = {
			isa = PBXResourcesBuildPhase;
			buildActionMask = 2147483647;
			files = (
				E6457536218A026400B7BBD9 /* 6.png in Resources */,
				E645752E218A026400B7BBD9 /* 2.png in Resources */,
				E6457534218A026400B7BBD9 /* 16.png in Resources */,
				E645752A218A026400B7BBD9 /* 1.png in Resources */,
				E645752B218A026400B7BBD9 /* 5.png in Resources */,
				E645752C218A026400B7BBD9 /* 14.png in Resources */,
				E6457535218A026400B7BBD9 /* 17.png in Resources */,
				E645752D218A026400B7BBD9 /* 15.png in Resources */,
				E6457530218A026400B7BBD9 /* 10.png in Resources */,
				E6457526218A026400B7BBD9 /* 11.png in Resources */,
				E6457529218A026400B7BBD9 /* 9.png in Resources */,
				E6457525218A026400B7BBD9 /* 4.png in Resources */,
				E6A10B47218590B000744C9F /* LaunchScreen.storyboard in Resources */,
				E6457532218A026400B7BBD9 /* 12.png in Resources */,
				E6457533218A026400B7BBD9 /* 13.png in Resources */,
				E6457527218A026400B7BBD9 /* 7.png in Resources */,
				E6457531218A026400B7BBD9 /* 3.png in Resources */,
				E6A10B44218590B000744C9F /* Assets.xcassets in Resources */,
				E6A10B3F218590AF00744C9F /* Main.storyboard in Resources */,
				E645752F218A026400B7BBD9 /* 18.png in Resources */,
				E6457528218A026400B7BBD9 /* 8.png in Resources */,
			);
			runOnlyForDeploymentPostprocessing = 0;
		};
/* End PBXResourcesBuildPhase section */

/* Begin PBXShellScriptBuildPhase section */
		6E816599A166B0E90F1EA5D4 /* [CP] Check Pods Manifest.lock */ = {
			isa = PBXShellScriptBuildPhase;
			buildActionMask = 2147483647;
			files = (
			);
			inputFileListPaths = (
			);
			inputPaths = (
				"${PODS_PODFILE_DIR_PATH}/Podfile.lock",
				"${PODS_ROOT}/Manifest.lock",
			);
			name = "[CP] Check Pods Manifest.lock";
			outputFileListPaths = (
			);
			outputPaths = (
				"$(DERIVED_FILE_DIR)/Pods-Happy Roads-checkManifestLockResult.txt",
			);
			runOnlyForDeploymentPostprocessing = 0;
			shellPath = /bin/sh;
			shellScript = "diff \"${PODS_PODFILE_DIR_PATH}/Podfile.lock\" \"${PODS_ROOT}/Manifest.lock\" > /dev/null\nif [ $? != 0 ] ; then\n    # print error to STDERR\n    echo \"error: The sandbox is not in sync with the Podfile.lock. Run 'pod install' or update your CocoaPods installation.\" >&2\n    exit 1\nfi\n# This output is used by Xcode 'outputs' to avoid re-running this script phase.\necho \"SUCCESS\" > \"${SCRIPT_OUTPUT_FILE_0}\"\n";
			showEnvVarsInLog = 0;
		};
		AD501AFA04CB9645FB3E0539 /* [CP] Embed Pods Frameworks */ = {
			isa = PBXShellScriptBuildPhase;
			buildActionMask = 2147483647;
			files = (
			);
			inputFileListPaths = (
			);
			inputPaths = (
				"${PODS_ROOT}/Target Support Files/Pods-Happy Roads/Pods-Happy Roads-frameworks.sh",
				"${BUILT_PRODUCTS_DIR}/Alamofire/Alamofire.framework",
				"${BUILT_PRODUCTS_DIR}/JVFloatLabeledTextField/JVFloatLabeledTextField.framework",
				"${BUILT_PRODUCTS_DIR}/RevealingSplashView/RevealingSplashView.framework",
				"${BUILT_PRODUCTS_DIR}/SDWebImage/SDWebImage.framework",
				"${BUILT_PRODUCTS_DIR}/SVProgressHUD/SVProgressHUD.framework",
				"${BUILT_PRODUCTS_DIR}/SideMenu/SideMenu.framework",
			);
			name = "[CP] Embed Pods Frameworks";
			outputFileListPaths = (
			);
			outputPaths = (
				"${TARGET_BUILD_DIR}/${FRAMEWORKS_FOLDER_PATH}/Alamofire.framework",
				"${TARGET_BUILD_DIR}/${FRAMEWORKS_FOLDER_PATH}/JVFloatLabeledTextField.framework",
				"${TARGET_BUILD_DIR}/${FRAMEWORKS_FOLDER_PATH}/RevealingSplashView.framework",
				"${TARGET_BUILD_DIR}/${FRAMEWORKS_FOLDER_PATH}/SDWebImage.framework",
				"${TARGET_BUILD_DIR}/${FRAMEWORKS_FOLDER_PATH}/SVProgressHUD.framework",
				"${TARGET_BUILD_DIR}/${FRAMEWORKS_FOLDER_PATH}/SideMenu.framework",
			);
			runOnlyForDeploymentPostprocessing = 0;
			shellPath = /bin/sh;
			shellScript = "\"${PODS_ROOT}/Target Support Files/Pods-Happy Roads/Pods-Happy Roads-frameworks.sh\"\n";
			showEnvVarsInLog = 0;
		};
		F21A980B302D05ECE1DB25F8 /* [CP] Copy Pods Resources */ = {
			isa = PBXShellScriptBuildPhase;
			buildActionMask = 2147483647;
			files = (
			);
			inputFileListPaths = (
			);
			inputPaths = (
				"${PODS_ROOT}/Target Support Files/Pods-Happy Roads/Pods-Happy Roads-resources.sh",
				"${PODS_ROOT}/GoogleMaps/Maps/Frameworks/GoogleMaps.framework/Resources/GoogleMaps.bundle",
				"${PODS_ROOT}/GooglePlaces/Frameworks/GooglePlaces.framework/Resources/GooglePlaces.bundle",
			);
			name = "[CP] Copy Pods Resources";
			outputFileListPaths = (
			);
			outputPaths = (
				"${TARGET_BUILD_DIR}/${UNLOCALIZED_RESOURCES_FOLDER_PATH}/GoogleMaps.bundle",
				"${TARGET_BUILD_DIR}/${UNLOCALIZED_RESOURCES_FOLDER_PATH}/GooglePlaces.bundle",
			);
			runOnlyForDeploymentPostprocessing = 0;
			shellPath = /bin/sh;
			shellScript = "\"${PODS_ROOT}/Target Support Files/Pods-Happy Roads/Pods-Happy Roads-resources.sh\"\n";
			showEnvVarsInLog = 0;
		};
/* End PBXShellScriptBuildPhase section */

/* Begin PBXSourcesBuildPhase section */
		E6A10B32218590AF00744C9F /* Sources */ = {
			isa = PBXSourcesBuildPhase;
			buildActionMask = 2147483647;
			files = (
				E6A10B42218590AF00744C9F /* Happy_Roads.xcdatamodeld in Sources */,
				E6DF0B3C2192C580008F13DE /* LoginPopUpViewController.swift in Sources */,
				E6576EA32185BA1F007DED90 /* MenuViewController.swift in Sources */,
				E6CFF7BD21878A2C00B2F600 /* UIViewController+Extenssions.swift in Sources */,
				E645753D218AD40B00B7BBD9 /* LoadingViewController.swift in Sources */,
				E6A10B572185A26300744C9F /* HomeItemsCollectionViewCell.swift in Sources */,
				E6A10B502185932200744C9F /* LandingViewController.swift in Sources */,
				E6C1CDF121917BD400B8446F /* Textfield+Extension.swift in Sources */,
				E6CFF7B621877BFA00B2F600 /* Environment.swift in Sources */,
				E6D133E6218F49B70043AF68 /* HRTextField.swift in Sources */,
				E6C1CDEF2191723D00B8446F /* SignUpPopUpViewController.swift in Sources */,
				E6A10B3A218590AF00744C9F /* AppDelegate.swift in Sources */,
				E6CFF7BA218786BB00B2F600 /* BaseRequest.swift in Sources */,
				E68DE9052186130400F79417 /* MenuRowTableViewCell.swift in Sources */,
				E6CBD6C6218D7EF700182247 /* FindFuelStationsViewController.swift in Sources */,
				E68DE903218612E500F79417 /* MenuSectionTableViewCell.swift in Sources */,
				E64575112189FCBD00B7BBD9 /* HappyRoadsUtilities.swift in Sources */,
				E6E1D65C2188B92A0057ED28 /* ExploreViewController.swift in Sources */,
				E6E1D65E2188BB760057ED28 /* ExploreTableViewCell.swift in Sources */,
				E6A10B552185A1F700744C9F /* HomeViewController.swift in Sources */,
				E6E1D65A2188A65C0057ED28 /* RequestType.swift in Sources */,
			);
			runOnlyForDeploymentPostprocessing = 0;
		};
/* End PBXSourcesBuildPhase section */

/* Begin PBXVariantGroup section */
		E6A10B3D218590AF00744C9F /* Main.storyboard */ = {
			isa = PBXVariantGroup;
			children = (
				E6A10B3E218590AF00744C9F /* Base */,
			);
			name = Main.storyboard;
			sourceTree = "<group>";
		};
		E6A10B45218590B000744C9F /* LaunchScreen.storyboard */ = {
			isa = PBXVariantGroup;
			children = (
				E6A10B46218590B000744C9F /* Base */,
			);
			name = LaunchScreen.storyboard;
			sourceTree = "<group>";
		};
/* End PBXVariantGroup section */

/* Begin XCBuildConfiguration section */
		E6CFF7B02187776F00B2F600 /* ReleaseProduction */ = {
			isa = XCBuildConfiguration;
			buildSettings = {
				ALWAYS_SEARCH_USER_PATHS = NO;
				API_ADDRESS = www.bpclhappyroads.in/HappyRoads/api/TravelCityAPI/;
				API_KEY = sanIPhone;
				API_VERSION = 2.0;
				CLANG_ANALYZER_NONNULL = YES;
				CLANG_ANALYZER_NUMBER_OBJECT_CONVERSION = YES_AGGRESSIVE;
				CLANG_CXX_LANGUAGE_STANDARD = "gnu++14";
				CLANG_CXX_LIBRARY = "libc++";
				CLANG_ENABLE_MODULES = YES;
				CLANG_ENABLE_OBJC_ARC = YES;
				CLANG_ENABLE_OBJC_WEAK = YES;
				CLANG_WARN_BLOCK_CAPTURE_AUTORELEASING = YES;
				CLANG_WARN_BOOL_CONVERSION = YES;
				CLANG_WARN_COMMA = YES;
				CLANG_WARN_CONSTANT_CONVERSION = YES;
				CLANG_WARN_DEPRECATED_OBJC_IMPLEMENTATIONS = YES;
				CLANG_WARN_DIRECT_OBJC_ISA_USAGE = YES_ERROR;
				CLANG_WARN_DOCUMENTATION_COMMENTS = YES;
				CLANG_WARN_EMPTY_BODY = YES;
				CLANG_WARN_ENUM_CONVERSION = YES;
				CLANG_WARN_INFINITE_RECURSION = YES;
				CLANG_WARN_INT_CONVERSION = YES;
				CLANG_WARN_NON_LITERAL_NULL_CONVERSION = YES;
				CLANG_WARN_OBJC_IMPLICIT_RETAIN_SELF = YES;
				CLANG_WARN_OBJC_LITERAL_CONVERSION = YES;
				CLANG_WARN_OBJC_ROOT_CLASS = YES_ERROR;
				CLANG_WARN_RANGE_LOOP_ANALYSIS = YES;
				CLANG_WARN_STRICT_PROTOTYPES = YES;
				CLANG_WARN_SUSPICIOUS_MOVE = YES;
				CLANG_WARN_UNGUARDED_AVAILABILITY = YES_AGGRESSIVE;
				CLANG_WARN_UNREACHABLE_CODE = YES;
				CLANG_WARN__DUPLICATE_METHOD_MATCH = YES;
				CODE_SIGN_IDENTITY = "iPhone Developer";
				COPY_PHASE_STRIP = NO;
				DEBUG_INFORMATION_FORMAT = dwarf;
				ENABLE_STRICT_OBJC_MSGSEND = YES;
				ENABLE_TESTABILITY = YES;
				GCC_C_LANGUAGE_STANDARD = gnu11;
				GCC_DYNAMIC_NO_PIC = NO;
				GCC_NO_COMMON_BLOCKS = YES;
				GCC_OPTIMIZATION_LEVEL = 0;
				GCC_PREPROCESSOR_DEFINITIONS = (
					"DEBUG=1",
					"$(inherited)",
				);
				GCC_WARN_64_TO_32_BIT_CONVERSION = YES;
				GCC_WARN_ABOUT_RETURN_TYPE = YES_ERROR;
				GCC_WARN_UNDECLARED_SELECTOR = YES;
				GCC_WARN_UNINITIALIZED_AUTOS = YES_AGGRESSIVE;
				GCC_WARN_UNUSED_FUNCTION = YES;
				GCC_WARN_UNUSED_VARIABLE = YES;
				IPHONEOS_DEPLOYMENT_TARGET = 12.0;
				MTL_ENABLE_DEBUG_INFO = INCLUDE_SOURCE;
				MTL_FAST_MATH = YES;
				ONLY_ACTIVE_ARCH = YES;
				SDKROOT = iphoneos;
				SWIFT_ACTIVE_COMPILATION_CONDITIONS = DEBUG;
				SWIFT_OPTIMIZATION_LEVEL = "-Onone";
			};
			name = ReleaseProduction;
		};
		E6CFF7B12187776F00B2F600 /* ReleaseProduction */ = {
			isa = XCBuildConfiguration;
			baseConfigurationReference = 8FD4A306E77C08DFEB4665D0 /* Pods-Happy Roads.releaseproduction.xcconfig */;
			buildSettings = {
				ASSETCATALOG_COMPILER_APPICON_NAME = AppIcon;
				BASE_URL_CITRUS = www.bpclhappyroads.in/HappyRoads/;
				CODE_SIGN_STYLE = Automatic;
				ENVIRONMENT_TYPE = Prod;
				IMAGE_UPLOAD_URL = www.bpclhappyroads.in/HappyRoads/api/UploadFile/Post;
				IMAGE_URL = www.bpclhappyroads.in/HappyRoads/UploadImages;
				IMAGE_URL_WITH_HANDLER = "www.bpclhappyroads.in/HappyRoads/ImageHandler.ashx?q=yes&image=UploadImages/";
				IMAGE_URL_WITH_OUT_HANDLER = www.bpclhappyroads.in/HappyRoads/UploadImages/;
				IMAGE_WETHER_URL = "http://openweathermap.org/img/w/";
				INFOPLIST_FILE = "Happy Roads/Info.plist";
				IPHONEOS_DEPLOYMENT_TARGET = 10.0;
				LD_RUNPATH_SEARCH_PATHS = (
					"$(inherited)",
					"@executable_path/Frameworks",
				);
				PRODUCT_BUNDLE_IDENTIFIER = com.domainname.happyroads;
				PRODUCT_NAME = "$(TARGET_NAME)";
				SWIFT_VERSION = 4.2;
				TARGETED_DEVICE_FAMILY = 1;
			};
			name = ReleaseProduction;
		};
		E6CFF7B22187779D00B2F600 /* DebugDevelopment */ = {
			isa = XCBuildConfiguration;
			buildSettings = {
				ALWAYS_SEARCH_USER_PATHS = NO;
				API_ADDRESS = 52.66.6.176/PTO/api/TravelCityAPI/;
				API_KEY = sanIPhone;
				API_VERSION = 2.0;
				CLANG_ANALYZER_NONNULL = YES;
				CLANG_ANALYZER_NUMBER_OBJECT_CONVERSION = YES_AGGRESSIVE;
				CLANG_CXX_LANGUAGE_STANDARD = "gnu++14";
				CLANG_CXX_LIBRARY = "libc++";
				CLANG_ENABLE_MODULES = YES;
				CLANG_ENABLE_OBJC_ARC = YES;
				CLANG_ENABLE_OBJC_WEAK = YES;
				CLANG_WARN_BLOCK_CAPTURE_AUTORELEASING = YES;
				CLANG_WARN_BOOL_CONVERSION = YES;
				CLANG_WARN_COMMA = YES;
				CLANG_WARN_CONSTANT_CONVERSION = YES;
				CLANG_WARN_DEPRECATED_OBJC_IMPLEMENTATIONS = YES;
				CLANG_WARN_DIRECT_OBJC_ISA_USAGE = YES_ERROR;
				CLANG_WARN_DOCUMENTATION_COMMENTS = YES;
				CLANG_WARN_EMPTY_BODY = YES;
				CLANG_WARN_ENUM_CONVERSION = YES;
				CLANG_WARN_INFINITE_RECURSION = YES;
				CLANG_WARN_INT_CONVERSION = YES;
				CLANG_WARN_NON_LITERAL_NULL_CONVERSION = YES;
				CLANG_WARN_OBJC_IMPLICIT_RETAIN_SELF = YES;
				CLANG_WARN_OBJC_LITERAL_CONVERSION = YES;
				CLANG_WARN_OBJC_ROOT_CLASS = YES_ERROR;
				CLANG_WARN_RANGE_LOOP_ANALYSIS = YES;
				CLANG_WARN_STRICT_PROTOTYPES = YES;
				CLANG_WARN_SUSPICIOUS_MOVE = YES;
				CLANG_WARN_UNGUARDED_AVAILABILITY = YES_AGGRESSIVE;
				CLANG_WARN_UNREACHABLE_CODE = YES;
				CLANG_WARN__DUPLICATE_METHOD_MATCH = YES;
				CODE_SIGN_IDENTITY = "iPhone Developer";
				COPY_PHASE_STRIP = NO;
				DEBUG_INFORMATION_FORMAT = dwarf;
				ENABLE_STRICT_OBJC_MSGSEND = YES;
				ENABLE_TESTABILITY = YES;
				GCC_C_LANGUAGE_STANDARD = gnu11;
				GCC_DYNAMIC_NO_PIC = NO;
				GCC_NO_COMMON_BLOCKS = YES;
				GCC_OPTIMIZATION_LEVEL = 0;
				GCC_PREPROCESSOR_DEFINITIONS = (
					"DEBUG=1",
					"$(inherited)",
				);
				GCC_WARN_64_TO_32_BIT_CONVERSION = YES;
				GCC_WARN_ABOUT_RETURN_TYPE = YES_ERROR;
				GCC_WARN_UNDECLARED_SELECTOR = YES;
				GCC_WARN_UNINITIALIZED_AUTOS = YES_AGGRESSIVE;
				GCC_WARN_UNUSED_FUNCTION = YES;
				GCC_WARN_UNUSED_VARIABLE = YES;
				IPHONEOS_DEPLOYMENT_TARGET = 12.0;
				MTL_ENABLE_DEBUG_INFO = INCLUDE_SOURCE;
				MTL_FAST_MATH = YES;
				ONLY_ACTIVE_ARCH = YES;
				SDKROOT = iphoneos;
				SWIFT_ACTIVE_COMPILATION_CONDITIONS = DEBUG;
				SWIFT_OPTIMIZATION_LEVEL = "-Onone";
			};
			name = DebugDevelopment;
		};
		E6CFF7B32187779D00B2F600 /* DebugDevelopment */ = {
			isa = XCBuildConfiguration;
			baseConfigurationReference = BDCEBD11463F56E661D126BE /* Pods-Happy Roads.debugdevelopment.xcconfig */;
			buildSettings = {
				ASSETCATALOG_COMPILER_APPICON_NAME = AppIcon;
				BASE_URL_CITRUS = 52.66.6.176/PTO/;
				CODE_SIGN_STYLE = Automatic;
				ENVIRONMENT_TYPE = Dev;
				IMAGE_UPLOAD_URL = 52.66.6.176/PTO/api/UploadFile/Post;
				IMAGE_URL = 52.66.6.176/PTO/UploadImages;
				IMAGE_URL_WITH_HANDLER = "52.66.6.176/PTO/ImageHandler.ashx?q=yes&image=UploadImages/";
				IMAGE_URL_WITH_OUT_HANDLER = 52.66.6.176/PTO/UploadImages/;
				IMAGE_WETHER_URL = "http://openweathermap.org/img/w/";
				INFOPLIST_FILE = "Happy Roads/Info.plist";
				IPHONEOS_DEPLOYMENT_TARGET = 10.0;
				LD_RUNPATH_SEARCH_PATHS = (
					"$(inherited)",
					"@executable_path/Frameworks",
				);
				PRODUCT_BUNDLE_IDENTIFIER = com.domainname.happyroads;
				PRODUCT_NAME = "$(TARGET_NAME)";
				SWIFT_VERSION = 4.2;
				TARGETED_DEVICE_FAMILY = 1;
			};
			name = DebugDevelopment;
		};
/* End XCBuildConfiguration section */

/* Begin XCConfigurationList section */
		E6A10B31218590AF00744C9F /* Build configuration list for PBXProject "Happy Roads" */ = {
			isa = XCConfigurationList;
			buildConfigurations = (
				E6CFF7B02187776F00B2F600 /* ReleaseProduction */,
				E6CFF7B22187779D00B2F600 /* DebugDevelopment */,
			);
			defaultConfigurationIsVisible = 0;
			defaultConfigurationName = DebugDevelopment;
		};
		E6A10B4B218590B000744C9F /* Build configuration list for PBXNativeTarget "Happy Roads" */ = {
			isa = XCConfigurationList;
			buildConfigurations = (
				E6CFF7B12187776F00B2F600 /* ReleaseProduction */,
				E6CFF7B32187779D00B2F600 /* DebugDevelopment */,
			);
			defaultConfigurationIsVisible = 0;
			defaultConfigurationName = DebugDevelopment;
		};
/* End XCConfigurationList section */

/* Begin XCVersionGroup section */
		E6A10B40218590AF00744C9F /* Happy_Roads.xcdatamodeld */ = {
			isa = XCVersionGroup;
			children = (
				E6A10B41218590AF00744C9F /* Happy_Roads.xcdatamodel */,
			);
			currentVersion = E6A10B41218590AF00744C9F /* Happy_Roads.xcdatamodel */;
			path = Happy_Roads.xcdatamodeld;
			sourceTree = "<group>";
			versionGroupType = wrapper.xcdatamodel;
		};
/* End XCVersionGroup section */
	};
	rootObject = E6A10B2E218590AF00744C9F /* Project object */;
}
